<Solution>
  <Folder Name="/src/">
    <Project Path="src/FxRates.Api/FxRates.Api.csproj" />
    <Project Path="src/FxRates.Application/FxRates.Application.csproj" />
    <Project Path="src/FxRates.Domain/FxRates.Domain.csproj" />
    <Project Path="src/FxRates.Infrastructure/FxRates.Infrastructure.csproj" />
  </Folder>
  <Folder Name="/tests/">
    <Project Path="tests/FxRates.Tests/FxRates.Tests.csproj" />
  </Folder>
</Solution>
